
Microsoft Visual Studio Solution File, Format Version 12.00
# Visual Studio Version 17
VisualStudioVersion = 17.4.33205.214
MinimumVisualStudioVersion = 10.0.40219.1
Project("{9A19103F-16F7-4668-BE54-9A1E7A4F7556}") = "Myphone_Core_Api_Assignment", "Myphone_Core_Api_Assignment\Myphone_Core_Api_Assignment.csproj", "{30224FC3-484F-4050-B3F7-90D48003CF4D}"
EndProject
Project("{FAE04EC0-301F-11D3-BF4B-00C04F79EFBC}") = "CONSUMATION_MVC", "CONSUMATION_MVC\CONSUMATION_MVC.csproj", "{8781747F-FFE8-4C93-A399-12617C3FBB6B}"
EndProject
Global
	GlobalSection(SolutionConfigurationPlatforms) = preSolution
		Debug|Any CPU = Debug|Any CPU
		Release|Any CPU = Release|Any CPU
	EndGlobalSection
	GlobalSection(ProjectConfigurationPlatforms) = postSolution
		{30224FC3-484F-4050-B3F7-90D48003CF4D}.Debug|Any CPU.ActiveCfg = Debug|Any CPU
		{30224FC3-484F-4050-B3F7-90D48003CF4D}.Debug|Any CPU.Build.0 = Debug|Any CPU
		{30224FC3-484F-4050-B3F7-90D48003CF4D}.Release|Any CPU.ActiveCfg = Release|Any CPU
		{30224FC3-484F-4050-B3F7-90D48003CF4D}.Release|Any CPU.Build.0 = Release|Any CPU
		{8781747F-FFE8-4C93-A399-12617C3FBB6B}.Debug|Any CPU.ActiveCfg = Debug|Any CPU
		{8781747F-FFE8-4C93-A399-12617C3FBB6B}.Debug|Any CPU.Build.0 = Debug|Any CPU
		{8781747F-FFE8-4C93-A399-12617C3FBB6B}.Release|Any CPU.ActiveCfg = Release|Any CPU
		{8781747F-FFE8-4C93-A399-12617C3FBB6B}.Release|Any CPU.Build.0 = Release|Any CPU
	EndGlobalSection
	GlobalSection(SolutionProperties) = preSolution
		HideSolutionNode = FALSE
	EndGlobalSection
	GlobalSection(ExtensibilityGlobals) = postSolution
		SolutionGuid = {3E99A973-57CB-42DB-A77F-0BAD3E2B46C8}
	EndGlobalSection
EndGlobal
